
Microsoft Visual Studio Solution File, Format Version 12.00
# Visual Studio Version 16
VisualStudioVersion = 16.0.30225.117
MinimumVisualStudioVersion = 10.0.40219.1
Project("{8BC9CEB8-8B4A-11D0-8D11-00A0C91BC942}") = "Calculator", "Calculator.vcxproj", "{B0E87C28-9773-4E08-BC6E-0D145CC10C8D}"
EndProject
Global
	GlobalSection(SolutionConfigurationPlatforms) = preSolution
		Debug|x64 = Debug|x64
		Debug|x86 = Debug|x86
		Release|x64 = Release|x64
		Release|x86 = Release|x86
	EndGlobalSection
	GlobalSection(ProjectConfigurationPlatforms) = postSolution
		{B0E87C28-9773-4E08-BC6E-0D145CC10C8D}.Debug|x64.ActiveCfg = Debug|x64
		{B0E87C28-9773-4E08-BC6E-0D145CC10C8D}.Debug|x64.Build.0 = Debug|x64
		{B0E87C28-9773-4E08-BC6E-0D145CC10C8D}.Debug|x86.ActiveCfg = Debug|Win32
		{B0E87C28-9773-4E08-BC6E-0D145CC10C8D}.Debug|x86.Build.0 = Debug|Win32
		{B0E87C28-9773-4E08-BC6E-0D145CC10C8D}.Release|x64.ActiveCfg = Release|x64
		{B0E87C28-9773-4E08-BC6E-0D145CC10C8D}.Release|x64.Build.0 = Release|x64
		{B0E87C28-9773-4E08-BC6E-0D145CC10C8D}.Release|x86.ActiveCfg = Release|Win32
		{B0E87C28-9773-4E08-BC6E-0D145CC10C8D}.Release|x86.Build.0 = Release|Win32
	EndGlobalSection
	GlobalSection(SolutionProperties) = preSolution
		HideSolutionNode = FALSE
	EndGlobalSection
	GlobalSection(ExtensibilityGlobals) = postSolution
		SolutionGuid = {A7DB5410-7FB7-4898-AC30-1D0AD5DD9F92}
	EndGlobalSection
EndGlobal
